// !$*UTF8*$!
{
	archiveVersion = 1;
	classes = {
	};
	objectVersion = 48;
	objects = {

/* Begin PBXBuildFile section */
		D197E8471FCC9DBC006F9A00 /* AppDelegate.swift in Sources */ = {isa = PBXBuildFile; fileRef = D197E8461FCC9DBC006F9A00 /* AppDelegate.swift */; };
		D197E8491FCC9DBC006F9A00 /* ViewController.swift in Sources */ = {isa = PBXBuildFile; fileRef = D197E8481FCC9DBC006F9A00 /* ViewController.swift */; };
		D197E84C1FCC9DBC006F9A00 /* Main.storyboard in Resources */ = {isa = PBXBuildFile; fileRef = D197E84A1FCC9DBC006F9A00 /* Main.storyboard */; };
		D197E84E1FCC9DBC006F9A00 /* Assets.xcassets in Resources */ = {isa = PBXBuildFile; fileRef = D197E84D1FCC9DBC006F9A00 /* Assets.xcassets */; };
		D197E8511FCC9DBC006F9A00 /* LaunchScreen.storyboard in Resources */ = {isa = PBXBuildFile; fileRef = D197E84F1FCC9DBC006F9A00 /* LaunchScreen.storyboard */; };
		D197E8641FCCCF4A006F9A00 /* RedditLink.swift in Sources */ = {isa = PBXBuildFile; fileRef = D197E8621FCCCF4A006F9A00 /* RedditLink.swift */; };
		D197E8651FCCCF4A006F9A00 /* RedditPerformer.swift in Sources */ = {isa = PBXBuildFile; fileRef = D197E8631FCCCF4A006F9A00 /* RedditPerformer.swift */; };
/* End PBXBuildFile section */

/* Begin PBXFileReference section */
		D197E8431FCC9DBC006F9A00 /* Reddit.app */ = {isa = PBXFileReference; explicitFileType = wrapper.application; includeInIndex = 0; path = Reddit.app; sourceTree = BUILT_PRODUCTS_DIR; };
		D197E8461FCC9DBC006F9A00 /* AppDelegate.swift */ = {isa = PBXFileReference; lastKnownFileType = sourcecode.swift; path = AppDelegate.swift; sourceTree = "<group>"; };
		D197E8481FCC9DBC006F9A00 /* ViewController.swift */ = {isa = PBXFileReference; lastKnownFileType = sourcecode.swift; path = ViewController.swift; sourceTree = "<group>"; };
		D197E84B1FCC9DBC006F9A00 /* Base */ = {isa = PBXFileReference; lastKnownFileType = file.storyboard; name = Base; path = Base.lproj/Main.storyboard; sourceTree = "<group>"; };
		D197E84D1FCC9DBC006F9A00 /* Assets.xcassets */ = {isa = PBXFileReference; lastKnownFileType = folder.assetcatalog; path = Assets.xcassets; sourceTree = "<group>"; };
		D197E8501FCC9DBC006F9A00 /* Base */ = {isa = PBXFileReference; lastKnownFileType = file.storyboard; name = Base; path = Base.lproj/LaunchScreen.storyboard; sourceTree = "<group>"; };
		D197E8521FCC9DBC006F9A00 /* Info.plist */ = {isa = PBXFileReference; lastKnownFileType = text.plist.xml; path = Info.plist; sourceTree = "<group>"; };
		D197E8621FCCCF4A006F9A00 /* RedditLink.swift */ = {isa = PBXFileReference; fileEncoding = 4; lastKnownFileType = sourcecode.swift; path = RedditLink.swift; sourceTree = "<group>"; };
		D197E8631FCCCF4A006F9A00 /* RedditPerformer.swift */ = {isa = PBXFileReference; fileEncoding = 4; lastKnownFileType = sourcecode.swift; path = RedditPerformer.swift; sourceTree = "<group>"; };
/* End PBXFileReference section */

/* Begin PBXFrameworksBuildPhase section */
		D197E8401FCC9DBC006F9A00 /* Frameworks */ = {
			isa = PBXFrameworksBuildPhase;
			buildActionMask = 2147483647;
			files = (
			);
			runOnlyForDeploymentPostprocessing = 0;
		};
/* End PBXFrameworksBuildPhase section */

/* Begin PBXGroup section */
		D197E83A1FCC9DBC006F9A00 = {
			isa = PBXGroup;
			children = (
				D197E8451FCC9DBC006F9A00 /* Reddit */,
				D197E8441FCC9DBC006F9A00 /* Products */,
			);
			sourceTree = "<group>";
		};
		D197E8441FCC9DBC006F9A00 /* Products */ = {
			isa = PBXGroup;
			children = (
				D197E8431FCC9DBC006F9A00 /* Reddit.app */,
			);
			name = Products;
			sourceTree = "<group>";
		};
		D197E8451FCC9DBC006F9A00 /* Reddit */ = {
			isa = PBXGroup;
			children = (
				D197E8461FCC9DBC006F9A00 /* AppDelegate.swift */,
				D197E8481FCC9DBC006F9A00 /* ViewController.swift */,
				D197E8611FCCCF4A006F9A00 /* Reddit */,
				D197E84A1FCC9DBC006F9A00 /* Main.storyboard */,
				D197E84D1FCC9DBC006F9A00 /* Assets.xcassets */,
				D197E84F1FCC9DBC006F9A00 /* LaunchScreen.storyboard */,
				D197E8521FCC9DBC006F9A00 /* Info.plist */,
			);
			path = Reddit;
			sourceTree = "<group>";
		};
		D197E8611FCCCF4A006F9A00 /* Reddit */ = {
			isa = PBXGroup;
			children = (
				D197E8621FCCCF4A006F9A00 /* RedditLink.swift */,
				D197E8631FCCCF4A006F9A00 /* RedditPerformer.swift */,
			);
			path = Reddit;
			sourceTree = "<group>";
		};
/* End PBXGroup section */

/* Begin PBXNativeTarget section */
		D197E8421FCC9DBC006F9A00 /* Reddit */ = {
			isa = PBXNativeTarget;
			buildConfigurationList = D197E8551FCC9DBC006F9A00 /* Build configuration list for PBXNativeTarget "Reddit" */;
			buildPhases = (
				D197E83F1FCC9DBC006F9A00 /* Sources */,
				D197E8401FCC9DBC006F9A00 /* Frameworks */,
				D197E8411FCC9DBC006F9A00 /* Resources */,
			);
			buildRules = (
			);
			dependencies = (
			);
			name = Reddit;
			productName = Reddit;
			productReference = D197E8431FCC9DBC006F9A00 /* Reddit.app */;
			productType = "com.apple.product-type.application";
		};
/* End PBXNativeTarget section */

/* Begin PBXProject section */
		D197E83B1FCC9DBC006F9A00 /* Project object */ = {
			isa = PBXProject;
			attributes = {
				LastSwiftUpdateCheck = 0910;
				LastUpgradeCheck = 0910;
				ORGANIZATIONNAME = "Alexander Chulanov";
				TargetAttributes = {
					D197E8421FCC9DBC006F9A00 = {
						CreatedOnToolsVersion = 9.1;
						ProvisioningStyle = Automatic;
					};
				};
			};
			buildConfigurationList = D197E83E1FCC9DBC006F9A00 /* Build configuration list for PBXProject "Reddit" */;
			compatibilityVersion = "Xcode 8.0";
			developmentRegion = en;
			hasScannedForEncodings = 0;
			knownRegions = (
				en,
				Base,
			);
			mainGroup = D197E83A1FCC9DBC006F9A00;
			productRefGroup = D197E8441FCC9DBC006F9A00 /* Products */;
			projectDirPath = "";
			projectRoot = "";
			targets = (
				D197E8421FCC9DBC006F9A00 /* Reddit */,
			);
		};
/* End PBXProject section */

/* Begin PBXResourcesBuildPhase section */
		D197E8411FCC9DBC006F9A00 /* Resources */ = {
			isa = PBXResourcesBuildPhase;
			buildActionMask = 2147483647;
			files = (
				D197E8511FCC9DBC006F9A00 /* LaunchScreen.storyboard in Resources */,
				D197E84E1FCC9DBC006F9A00 /* Assets.xcassets in Resources */,
				D197E84C1FCC9DBC006F9A00 /* Main.storyboard in Resources */,
			);
			runOnlyForDeploymentPostprocessing = 0;
		};
/* End PBXResourcesBuildPhase section */

/* Begin PBXSourcesBuildPhase section */
		D197E83F1FCC9DBC006F9A00 /* Sources */ = {
			isa = PBXSourcesBuildPhase;
			buildActionMask = 2147483647;
			files = (
				D197E8491FCC9DBC006F9A00 /* ViewController.swift in Sources */,
				D197E8641FCCCF4A006F9A00 /* RedditLink.swift in Sources */,
				D197E8651FCCCF4A006F9A00 /* RedditPerformer.swift in Sources */,
				D197E8471FCC9DBC006F9A00 /* AppDelegate.swift in Sources */,
			);
			runOnlyForDeploymentPostprocessing = 0;
		};
/* End PBXSourcesBuildPhase section */

/* Begin PBXVariantGroup section */
		D197E84A1FCC9DBC006F9A00 /* Main.storyboard */ = {
			isa = PBXVariantGroup;
			children = (
				D197E84B1FCC9DBC006F9A00 /* Base */,
			);
			name = Main.storyboard;
			sourceTree = "<group>";
		};
		D197E84F1FCC9DBC006F9A00 /* LaunchScreen.storyboard */ = {
			isa = PBXVariantGroup;
			children = (
				D197E8501FCC9DBC006F9A00 /* Base */,
			);
			name = LaunchScreen.storyboard;
			sourceTree = "<group>";
		};
/* End PBXVariantGroup section */

/* Begin XCBuildConfiguration section */
		D197E8531FCC9DBC006F9A00 /* Debug */ = {
			isa = XCBuildConfiguration;
			buildSettings = {
				ALWAYS_SEARCH_USER_PATHS = NO;
				CLANG_ANALYZER_NONNULL = YES;
				CLANG_ANALYZER_NUMBER_OBJECT_CONVERSION = YES_AGGRESSIVE;
				CLANG_CXX_LANGUAGE_STANDARD = "gnu++14";
				CLANG_CXX_LIBRARY = "libc++";
				CLANG_ENABLE_MODULES = YES;
				CLANG_ENABLE_OBJC_ARC = YES;
				CLANG_WARN_BLOCK_CAPTURE_AUTORELEASING = YES;
				CLANG_WARN_BOOL_CONVERSION = YES;
				CLANG_WARN_COMMA = YES;
				CLANG_WARN_CONSTANT_CONVERSION = YES;
				CLANG_WARN_DIRECT_OBJC_ISA_USAGE = YES_ERROR;
				CLANG_WARN_DOCUMENTATION_COMMENTS = YES;
				CLANG_WARN_EMPTY_BODY = YES;
				CLANG_WARN_ENUM_CONVERSION = YES;
				CLANG_WARN_INFINITE_RECURSION = YES;
				CLANG_WARN_INT_CONVERSION = YES;
				CLANG_WARN_NON_LITERAL_NULL_CONVERSION = YES;
				CLANG_WARN_OBJC_LITERAL_CONVERSION = YES;
				CLANG_WARN_OBJC_ROOT_CLASS = YES_ERROR;
				CLANG_WARN_RANGE_LOOP_ANALYSIS = YES;
				CLANG_WARN_STRICT_PROTOTYPES = YES;
				CLANG_WARN_SUSPICIOUS_MOVE = YES;
				CLANG_WARN_UNGUARDED_AVAILABILITY = YES_AGGRESSIVE;
				CLANG_WARN_UNREACHABLE_CODE = YES;
				CLANG_WARN__DUPLICATE_METHOD_MATCH = YES;
				CODE_SIGN_IDENTITY = "iPhone Developer";
				COPY_PHASE_STRIP = NO;
				DEBUG_INFORMATION_FORMAT = dwarf;
				ENABLE_STRICT_OBJC_MSGSEND = YES;
				ENABLE_TESTABILITY = YES;
				GCC_C_LANGUAGE_STANDARD = gnu11;
				GCC_DYNAMIC_NO_PIC = NO;
				GCC_NO_COMMON_BLOCKS = YES;
				GCC_OPTIMIZATION_LEVEL = 0;
				GCC_PREPROCESSOR_DEFINITIONS = (
					"DEBUG=1",
					"$(inherited)",
				);
				GCC_WARN_64_TO_32_BIT_CONVERSION = YES;
				GCC_WARN_ABOUT_RETURN_TYPE = YES_ERROR;
				GCC_WARN_UNDECLARED_SELECTOR = YES;
				GCC_WARN_UNINITIALIZED_AUTOS = YES_AGGRESSIVE;
				GCC_WARN_UNUSED_FUNCTION = YES;
				GCC_WARN_UNUSED_VARIABLE = YES;
				IPHONEOS_DEPLOYMENT_TARGET = 11.1;
				MTL_ENABLE_DEBUG_INFO = YES;
				ONLY_ACTIVE_ARCH = YES;
				SDKROOT = iphoneos;
				SWIFT_ACTIVE_COMPILATION_CONDITIONS = DEBUG;
				SWIFT_OPTIMIZATION_LEVEL = "-Onone";
			};
			name = Debug;
		};
		D197E8541FCC9DBC006F9A00 /* Release */ = {
			isa = XCBuildConfiguration;
			buildSettings = {
				ALWAYS_SEARCH_USER_PATHS = NO;
				CLANG_ANALYZER_NONNULL = YES;
				CLANG_ANALYZER_NUMBER_OBJECT_CONVERSION = YES_AGGRESSIVE;
				CLANG_CXX_LANGUAGE_STANDARD = "gnu++14";
				CLANG_CXX_LIBRARY = "libc++";
				CLANG_ENABLE_MODULES = YES;
				CLANG_ENABLE_OBJC_ARC = YES;
				CLANG_WARN_BLOCK_CAPTURE_AUTORELEASING = YES;
				CLANG_WARN_BOOL_CONVERSION = YES;
				CLANG_WARN_COMMA = YES;
				CLANG_WARN_CONSTANT_CONVERSION = YES;
				CLANG_WARN_DIRECT_OBJC_ISA_USAGE = YES_ERROR;
				CLANG_WARN_DOCUMENTATION_COMMENTS = YES;
				CLANG_WARN_EMPTY_BODY = YES;
				CLANG_WARN_ENUM_CONVERSION = YES;
				CLANG_WARN_INFINITE_RECURSION = YES;
				CLANG_WARN_INT_CONVERSION = YES;
				CLANG_WARN_NON_LITERAL_NULL_CONVERSION = YES;
				CLANG_WARN_OBJC_LITERAL_CONVERSION = YES;
				CLANG_WARN_OBJC_ROOT_CLASS = YES_ERROR;
				CLANG_WARN_RANGE_LOOP_ANALYSIS = YES;
				CLANG_WARN_STRICT_PROTOTYPES = YES;
				CLANG_WARN_SUSPICIOUS_MOVE = YES;
				CLANG_WARN_UNGUARDED_AVAILABILITY = YES_AGGRESSIVE;
				CLANG_WARN_UNREACHABLE_CODE = YES;
				CLANG_WARN__DUPLICATE_METHOD_MATCH = YES;
				CODE_SIGN_IDENTITY = "iPhone Developer";
				COPY_PHASE_STRIP = NO;
				DEBUG_INFORMATION_FORMAT = "dwarf-with-dsym";
				ENABLE_NS_ASSERTIONS = NO;
				ENABLE_STRICT_OBJC_MSGSEND = YES;
				GCC_C_LANGUAGE_STANDARD = gnu11;
				GCC_NO_COMMON_BLOCKS = YES;
				GCC_WARN_64_TO_32_BIT_CONVERSION = YES;
				GCC_WARN_ABOUT_RETURN_TYPE = YES_ERROR;
				GCC_WARN_UNDECLARED_SELECTOR = YES;
				GCC_WARN_UNINITIALIZED_AUTOS = YES_AGGRESSIVE;
				GCC_WARN_UNUSED_FUNCTION = YES;
				GCC_WARN_UNUSED_VARIABLE = YES;
				IPHONEOS_DEPLOYMENT_TARGET = 11.1;
				MTL_ENABLE_DEBUG_INFO = NO;
				SDKROOT = iphoneos;
				SWIFT_OPTIMIZATION_LEVEL = "-Owholemodule";
				VALIDATE_PRODUCT = YES;
			};
			name = Release;
		};
		D197E8561FCC9DBC006F9A00 /* Debug */ = {
			isa = XCBuildConfiguration;
			buildSettings = {
				ASSETCATALOG_COMPILER_APPICON_NAME = AppIcon;
				CODE_SIGN_STYLE = Automatic;
				INFOPLIST_FILE = Reddit/Info.plist;
				LD_RUNPATH_SEARCH_PATHS = "$(inherited) @executable_path/Frameworks";
				PRODUCT_BUNDLE_IDENTIFIER = company.Reddit;
				PRODUCT_NAME = "$(TARGET_NAME)";
				SWIFT_VERSION = 4.0;
				TARGETED_DEVICE_FAMILY = "1,2";
			};
			name = Debug;
		};
		D197E8571FCC9DBC006F9A00 /* Release */ = {
			isa = XCBuildConfiguration;
			buildSettings = {
				ASSETCATALOG_COMPILER_APPICON_NAME = AppIcon;
				CODE_SIGN_STYLE = Automatic;
				INFOPLIST_FILE = Reddit/Info.plist;
				LD_RUNPATH_SEARCH_PATHS = "$(inherited) @executable_path/Frameworks";
				PRODUCT_BUNDLE_IDENTIFIER = company.Reddit;
				PRODUCT_NAME = "$(TARGET_NAME)";
				SWIFT_VERSION = 4.0;
				TARGETED_DEVICE_FAMILY = "1,2";
			};
			name = Release;
		};
/* End XCBuildConfiguration section */

/* Begin XCConfigurationList section */
		D197E83E1FCC9DBC006F9A00 /* Build configuration list for PBXProject "Reddit" */ = {
			isa = XCConfigurationList;
			buildConfigurations = (
				D197E8531FCC9DBC006F9A00 /* Debug */,
				D197E8541FCC9DBC006F9A00 /* Release */,
			);
			defaultConfigurationIsVisible = 0;
			defaultConfigurationName = Release;
		};
		D197E8551FCC9DBC006F9A00 /* Build configuration list for PBXNativeTarget "Reddit" */ = {
			isa = XCConfigurationList;
			buildConfigurations = (
				D197E8561FCC9DBC006F9A00 /* Debug */,
				D197E8571FCC9DBC006F9A00 /* Release */,
			);
			defaultConfigurationIsVisible = 0;
			defaultConfigurationName = Release;
		};
/* End XCConfigurationList section */
	};
	rootObject = D197E83B1FCC9DBC006F9A00 /* Project object */;
}
